<Project xmlns="http://schemas.microsoft.com/developer/msbuild/2003">
  <PropertyGroup>
    <ProjectGuid>{A2A4D0B4-1111-4444-8888-AAAABBBB0001}</ProjectGuid>
    <ProjectVersion>18.4</ProjectVersion>
    <MainSource>GatewayMain.dpr</MainSource>
    <Config Condition=" '$(Config)' == '' ">Debug</Config>
    <DCC_DcuOutput>..\..\..\Lib</DCC_DcuOutput>
  </PropertyGroup>
  <ItemGroup>
    <DelphiCompile Include="GatewayMain.dpr">
      <MainSource>MainSource</MainSource>
    </DelphiCompile>
    <DCCReference Include="GatewayMainForm.pas" />
    <DCCReference Include="..\Common\PortalTypes.pas" />
    <DCCReference Include="..\Common\ThreadSafeLists.pas" />
  </ItemGroup>
</Project>
